
Microsoft Visual Studio Solution File, Format Version 12.00
# Visual Studio Version 18
VisualStudioVersion = 18.0.11217.181 d18.0
MinimumVisualStudioVersion = 10.0.40219.1
Project("{2150E333-8FDC-42A3-9474-1A3956D46DE8}") = "src", "src", "{1F709723-6188-41F5-9AB5-382C52DEF7BA}"
EndProject
Project("{FAE04EC0-301F-11D3-BF4B-00C04F79EFBC}") = "ActionsDotNet.Api", "src\ActionsDotNet.Api\ActionsDotNet.Api.csproj", "{1D281875-43C5-4B99-9577-B7A92DF3B08F}"
EndProject
Project("{2150E333-8FDC-42A3-9474-1A3956D46DE8}") = "tests", "tests", "{411875EC-6B41-40B9-816E-7BD6C7BCC062}"
EndProject
Project("{FAE04EC0-301F-11D3-BF4B-00C04F79EFBC}") = "ActionsDotNet.Api.UnitTests", "tests\ActionsDotNet.Api.UnitTests\ActionsDotNet.Api.UnitTests.csproj", "{B6440FA6-5C8F-4A61-98F4-E6AAB69524D4}"
EndProject
Project("{2150E333-8FDC-42A3-9474-1A3956D46DE8}") = "Solution Items", "Solution Items", "{0C2CD775-9E9A-4C20-8FDA-96E95E9E433B}"
	ProjectSection(SolutionItems) = preProject
		.editorconfig = .editorconfig
		.gitignore = .gitignore
		global.json = global.json
	EndProjectSection
EndProject
Global
	GlobalSection(SolutionConfigurationPlatforms) = preSolution
		Debug|Any CPU = Debug|Any CPU
		Release|Any CPU = Release|Any CPU
	EndGlobalSection
	GlobalSection(ProjectConfigurationPlatforms) = postSolution
		{1D281875-43C5-4B99-9577-B7A92DF3B08F}.Debug|Any CPU.ActiveCfg = Debug|Any CPU
		{1D281875-43C5-4B99-9577-B7A92DF3B08F}.Debug|Any CPU.Build.0 = Debug|Any CPU
		{1D281875-43C5-4B99-9577-B7A92DF3B08F}.Release|Any CPU.ActiveCfg = Release|Any CPU
		{1D281875-43C5-4B99-9577-B7A92DF3B08F}.Release|Any CPU.Build.0 = Release|Any CPU
		{B6440FA6-5C8F-4A61-98F4-E6AAB69524D4}.Debug|Any CPU.ActiveCfg = Debug|Any CPU
		{B6440FA6-5C8F-4A61-98F4-E6AAB69524D4}.Debug|Any CPU.Build.0 = Debug|Any CPU
		{B6440FA6-5C8F-4A61-98F4-E6AAB69524D4}.Release|Any CPU.ActiveCfg = Release|Any CPU
		{B6440FA6-5C8F-4A61-98F4-E6AAB69524D4}.Release|Any CPU.Build.0 = Release|Any CPU
	EndGlobalSection
	GlobalSection(SolutionProperties) = preSolution
		HideSolutionNode = FALSE
	EndGlobalSection
	GlobalSection(NestedProjects) = preSolution
		{1D281875-43C5-4B99-9577-B7A92DF3B08F} = {1F709723-6188-41F5-9AB5-382C52DEF7BA}
		{B6440FA6-5C8F-4A61-98F4-E6AAB69524D4} = {411875EC-6B41-40B9-816E-7BD6C7BCC062}
	EndGlobalSection
	GlobalSection(ExtensibilityGlobals) = postSolution
		SolutionGuid = {EDA1BF63-2AC9-4C7A-8B2F-5EA8923DBAD8}
	EndGlobalSection
EndGlobal
